github.com/go-sql-driver/mysql v1.5.0 h1:ozyZYNQW3x3HtqT1jira07DN2PArx2v7/mN66gGcHOs=
github.com/go-sql-driver/mysql v1.5.0/go.mod h1:DCzpHaOWr8IXmIStZouvnhqoel9Qv2LBy8hT2VhHyBg=
github.com/golang/example v0.0.0-20170904185048-46695d81d1fa h1:iqCQC2Z53KkwGgTN9szyL4q0OQHmuNjeoNnMT6lk66k=
github.com/golang/example v0.0.0-20170904185048-46695d81d1fa/go.mod h1:tO/5UvQ/uKigUjQBPqzstj6uxd3fUIjddi19DxGJeWg=
github.com/julienschmidt/httprouter v1.3.0 h1:U0609e9tgbseu3rBINet9P48AI/D3oJs4dN7jwJOQ1U=
github.com/julienschmidt/httprouter v1.3.0/go.mod h1:JR6WtHb+2LUe8TCKY3cZOxFyyO8IZAc4RVcycCCAKdM=
